
Microsoft Visual Studio Solution File, Format Version 12.00
# Visual Studio Version 17
VisualStudioVersion = 17.8.34330.188
MinimumVisualStudioVersion = 10.0.40219.1
Project("{FAE04EC0-301F-11D3-BF4B-00C04F79EFBC}") = "fahrenheit_ celsius", "fahrenheit_ celsius\fahrenheit_ celsius.csproj", "{206C10B5-23E5-4828-B1CE-74C5782E96B9}"
EndProject
Global
	GlobalSection(SolutionConfigurationPlatforms) = preSolution
		Debug|Any CPU = Debug|Any CPU
		Release|Any CPU = Release|Any CPU
	EndGlobalSection
	GlobalSection(ProjectConfigurationPlatforms) = postSolution
		{206C10B5-23E5-4828-B1CE-74C5782E96B9}.Debug|Any CPU.ActiveCfg = Debug|Any CPU
		{206C10B5-23E5-4828-B1CE-74C5782E96B9}.Debug|Any CPU.Build.0 = Debug|Any CPU
		{206C10B5-23E5-4828-B1CE-74C5782E96B9}.Release|Any CPU.ActiveCfg = Release|Any CPU
		{206C10B5-23E5-4828-B1CE-74C5782E96B9}.Release|Any CPU.Build.0 = Release|Any CPU
	EndGlobalSection
	GlobalSection(SolutionProperties) = preSolution
		HideSolutionNode = FALSE
	EndGlobalSection
	GlobalSection(ExtensibilityGlobals) = postSolution
		SolutionGuid = {19F52D7A-B32A-4F20-9560-EB2F3973870E}
	EndGlobalSection
EndGlobal
